github.com/ajroetker/go-highway v0.0.12 h1:OcGp/l/W7WQtH5ELLuNnKXCuR7ePpWGh2RWZI/INtck=
github.com/ajroetker/go-highway v0.0.12/go.mod h1:un7fcrwix7UOHJrr18Lgh5eeF+1yaZiGWdTw3FbfDv4=
github.com/andybalholm/brotli v1.2.6 h1:ftYnfj6usCp+UGV5kSJ3+chpMQgU+gJf/AxsUQ52REI=
github.com/andybalholm/brotli v1.2.6/go.mod h1:rzTDkvFWvIrjDXZHkuS16NPggd91W3kUSvPlQ1pLaKY=
github.com/go-images/jpeg v0.2.0 h1:dn55cTczPdOJf+NQq+sETCFeov/KeP1haF1ES+FJa+4=
github.com/go-images/jpeg v0.2.0/go.mod h1:2C1DevAM+HaQlysTLbSdyol8X/RlvmsXmHAXs9teAqo=
github.com/go-images/jpeg2000 v0.13.2 h1:wthA3iZkyqWXzNXxd6EjjsrsQ7GOYX7vYZbaI4vU6+I=
github.com/go-images/jpeg2000 v0.13.2/go.mod h1:Qqxz1gBrUwFDBOGkA4RGyTsX7wifr0wvaTQ7k8FK0wY=
github.com/go-opentype/fonts v0.10.0 h1:9f7ik795SlBEJjz6iqBE/ZV2PaTauAj537MMWw9t4OQ=
github.com/go-opentype/fonts v0.10.0/go.mod h1:b+o8v1zDZ6B3GixA398jGILAh09+WwfyoYz52zKe7DA=
github.com/go-opentype/opentype v0.13.0 h1:q9K7IGDfwMP/ik51ZkwiYf6jbaqPfocvAIuojetd0UQ=
github.com/go-opentype/opentype v0.13.0/go.mod h1:AOixevJf7XQaH7+WG+OMIOZEbYPXfMqklVk26Y6YTUU=
github.com/go-webgpu/goffi v0.6.3 h1:p4gKGikHBAQ/8iUiew9MV4C5M1ZGIsk8QGFGuJjMj+A=
github.com/go-webgpu/goffi v0.6.3/go.mod h1:wfoxNsJkU+5RFbV1kNN1kunhc1lFHuJKK3zpgx08/uM=
github.com/go-webgpu/webgpu v0.5.5 h1:pIrXzRg0LRlNjNmR+ZNo/ERN88YaObzbCY5oYhir5SA=
github.com/go-webgpu/webgpu v0.5.5/go.mod h1:vgIuNTa1UlZ4njCGY6Pmp/0c5T5o2Ml2fQ0znLc7B98=
github.com/gogpu/gg v0.52.5 h1:aDAxjwcUYWTaEcKiAVSX52FPtYKtMhuFYCQYK2SwJwE=
github.com/gogpu/gg v0.52.5/go.mod h1:mKiEGiR8lT7BCECfSoxRYBQ96HrDc0DHv/CNDxYQG5M=
github.com/gogpu/gpucontext v0.28.0 h1:W27+0PRnHLVRscDJ2L6r4B1JlaKjlV/EmL0Wxx8vGIc=
github.com/gogpu/gpucontext v0.28.0/go.mod h1:5rpKj+DpixgAFm8ArBXFXOZQRbeJSFncVMsqyyA9Rhc=
github.com/gogpu/gputypes v0.5.2 h1:3sbKI0+XW36Ekd3d4QhkbpdY7gbgMVgp8Q4+ZNdGhtE=
github.com/gogpu/gputypes v0.5.2/go.mod h1:cnXrDMwTpWTvJLW1Vreop3PcT6a2YP/i3s91rPaOavw=
github.com/gogpu/naga v0.18.0 h1:2y83HUcAnlwEZMuHOiYTMdNYM9J8rev40gkI4zJ96Uk=
github.com/gogpu/naga v0.18.0/go.mod h1:15sQaHKkbqXcwTN+hHYGLsA0WBBnkmYzne/eF5p5WEg=
github.com/gogpu/wgpu v0.31.6 h1:WIySgNZHQfUaNRCQ/AzaZpDkcZn5dggqXlRAgpWtVu4=
github.com/gogpu/wgpu v0.31.6/go.mod h1:r8z3uZOyjl95KXN1eyMxFnwwPMZ0yuBFrLFi8v37QGY=
github.com/tannevaled/gobig2 v0.2.0 h1:yx97/ltljALrIWDFVqHjPUIjAp3bfUUhH8Z8UROvNLc=
github.com/tannevaled/gobig2 v0.2.0/go.mod h1:X0S1H+N35kg6zYgVYRqGMsGj3C35zs+iA2r1MXyPcV4=
github.com/timzifer/cera v0.4.0 h1:Ni1F8HgQ6Ka0XexIIrV7xwIk26bthiUndc8hL3O6TwI=
github.com/timzifer/cera v0.4.0/go.mod h1:INEDFlM4b28HCKZjvEvhM+M0AyJxJI0XAk6IvxhJYTo=
github.com/timzifer/figure v0.14.0 h1:eB0ZOk8RkqBIL6SJZN2zN29OvoFclwmD21ffwHY650I=
github.com/timzifer/figure v0.14.0/go.mod h1:q8KmlPjxcoOTgAe9gR4RNdTCwTb2bzA9CDlNIyzbXtE=
github.com/timzifer/figure/backend/gg v0.12.0 h1:gi1NXF3OPM170veFL+vypcXZNa1LXP1LlXWl6IY3wkU=
github.com/timzifer/figure/backend/gg v0.12.0/go.mod h1:ZAdkIsD2/NY1nkCBlWA25dWBHwUPI+Us8/4DXxX4xBI=
github.com/timzifer/stilus v0.8.0 h1:HHl0zhPclvSS2jp7MBVkoggvaZ+P5+RzWQzkS6ATE5w=
github.com/timzifer/stilus v0.8.0/go.mod h1:J8uybarHVrCcMUgRwrEkZOw5USCYqbIcfqjTGm2pB2o=
github.com/xyproto/randomstring v1.0.5 h1:YtlWPoRdgMu3NZtP45drfy1GKoojuR7hmRcnhZqKjWU=
github.com/xyproto/randomstring v1.0.5/go.mod h1:rgmS5DeNXLivK7YprL0pY+lTuhNQW3iGxZ18UQApw/E=
golang.org/x/image v0.46.0 h1:b1+oYj0Jbp6K5MDT4i4/eZpYlk3V8SJhhDKh6LBHAyQ=
golang.org/x/image v0.46.0/go.mod h1:3B3W05VGVQyuXucLINLjXKrqISASfi4Xj+iCVkLMwew=
golang.org/x/sys v0.48.0 h1:bbX/i/6MgT9BVLM9RT1thmxL04yeTAhbEz4SyadbXoo=
golang.org/x/sys v0.48.0/go.mod h1:hNLxWAXmnKAxqDtdwIYC4bM9oQPEecfsnNMuSxOs3og=
golang.org/x/text v0.42.0 h1:JbOZXgfeCPU9gacVtYliJqOhD+zhrEqK4LfdpmlUZqI=
golang.org/x/text v0.42.0/go.mod h1:ojzP1Z+2QtioaF8DTtO8K5q7JWVVYwZKenzujK0Zd0E=
